
Microsoft Visual Studio Solution File, Format Version 12.00
# Visual Studio Version 17
VisualStudioVersion = 17.0.31903.59
MinimumVisualStudioVersion = 10.0.40219.1
Project("{9A19103F-16F7-4668-BE54-9A1E7A4F7556}") = "Kartverk.Mvc", "Kartverk.Mvc\Kartverk.Mvc.csproj", "{CF2B1F12-0FBE-4F7B-8748-F3E34BBE63CF}"
EndProject
Project("{2150E333-8FDC-42A3-9474-1A3956D46DE8}") = "SolutionItems", "SolutionItems", "{2CCC0B03-7922-480F-9D9A-40940B56C56D}"
	ProjectSection(SolutionItems) = preProject
		.github\workflows\Build.yml = .github\workflows\Build.yml
	EndProjectSection
EndProject
Project("{FAE04EC0-301F-11D3-BF4B-00C04F79EFBC}") = "Kartverk.Mvc.Tests", "Kartverk.Mvc.Tests\Kartverk.Mvc.Tests.csproj", "{BF2C2FD4-6003-498F-AB48-B9CC0EB1FE3F}"
EndProject
Global
	GlobalSection(SolutionConfigurationPlatforms) = preSolution
		Debug|Any CPU = Debug|Any CPU
		Release|Any CPU = Release|Any CPU
	EndGlobalSection
	GlobalSection(ProjectConfigurationPlatforms) = postSolution
		{CF2B1F12-0FBE-4F7B-8748-F3E34BBE63CF}.Debug|Any CPU.ActiveCfg = Debug|Any CPU
		{CF2B1F12-0FBE-4F7B-8748-F3E34BBE63CF}.Debug|Any CPU.Build.0 = Debug|Any CPU
		{CF2B1F12-0FBE-4F7B-8748-F3E34BBE63CF}.Release|Any CPU.ActiveCfg = Release|Any CPU
		{CF2B1F12-0FBE-4F7B-8748-F3E34BBE63CF}.Release|Any CPU.Build.0 = Release|Any CPU
		{BF2C2FD4-6003-498F-AB48-B9CC0EB1FE3F}.Debug|Any CPU.ActiveCfg = Debug|Any CPU
		{BF2C2FD4-6003-498F-AB48-B9CC0EB1FE3F}.Debug|Any CPU.Build.0 = Debug|Any CPU
		{BF2C2FD4-6003-498F-AB48-B9CC0EB1FE3F}.Release|Any CPU.ActiveCfg = Release|Any CPU
		{BF2C2FD4-6003-498F-AB48-B9CC0EB1FE3F}.Release|Any CPU.Build.0 = Release|Any CPU
	EndGlobalSection
	GlobalSection(SolutionProperties) = preSolution
		HideSolutionNode = FALSE
	EndGlobalSection
	GlobalSection(ExtensibilityGlobals) = postSolution
		SolutionGuid = {F957B61C-1DAC-4B4D-90CE-1B4AA802E6E7}
	EndGlobalSection
EndGlobal
